
Microsoft Visual Studio Solution File, Format Version 12.00
# Visual Studio Version 17
VisualStudioVersion = 17.5.33414.496
MinimumVisualStudioVersion = 10.0.40219.1
Project("{FAE04EC0-301F-11D3-BF4B-00C04F79EFBC}") = "odd or even", "odd or even\odd or even.csproj", "{FF89738D-845C-496A-AAE7-A237F74A4E93}"
EndProject
Global
	GlobalSection(SolutionConfigurationPlatforms) = preSolution
		Debug|Any CPU = Debug|Any CPU
		Release|Any CPU = Release|Any CPU
	EndGlobalSection
	GlobalSection(ProjectConfigurationPlatforms) = postSolution
		{FF89738D-845C-496A-AAE7-A237F74A4E93}.Debug|Any CPU.ActiveCfg = Debug|Any CPU
		{FF89738D-845C-496A-AAE7-A237F74A4E93}.Debug|Any CPU.Build.0 = Debug|Any CPU
		{FF89738D-845C-496A-AAE7-A237F74A4E93}.Release|Any CPU.ActiveCfg = Release|Any CPU
		{FF89738D-845C-496A-AAE7-A237F74A4E93}.Release|Any CPU.Build.0 = Release|Any CPU
	EndGlobalSection
	GlobalSection(SolutionProperties) = preSolution
		HideSolutionNode = FALSE
	EndGlobalSection
	GlobalSection(ExtensibilityGlobals) = postSolution
		SolutionGuid = {0828A284-029C-4CDE-A539-ED80EA2CFFFF}
	EndGlobalSection
EndGlobal
