
Microsoft Visual Studio Solution File, Format Version 12.00
# Visual Studio Version 17
VisualStudioVersion = 17.4.33205.214
MinimumVisualStudioVersion = 10.0.40219.1
Project("{FAE04EC0-301F-11D3-BF4B-00C04F79EFBC}") = "MyFirstConsoleApp", "MyFirstConsoleApp\MyFirstConsoleApp.csproj", "{504C2C15-2DA2-48B9-A384-65FF40296CD5}"
EndProject
Global
	GlobalSection(SolutionConfigurationPlatforms) = preSolution
		Debug|Any CPU = Debug|Any CPU
		Release|Any CPU = Release|Any CPU
	EndGlobalSection
	GlobalSection(ProjectConfigurationPlatforms) = postSolution
		{504C2C15-2DA2-48B9-A384-65FF40296CD5}.Debug|Any CPU.ActiveCfg = Debug|Any CPU
		{504C2C15-2DA2-48B9-A384-65FF40296CD5}.Debug|Any CPU.Build.0 = Debug|Any CPU
		{504C2C15-2DA2-48B9-A384-65FF40296CD5}.Release|Any CPU.ActiveCfg = Release|Any CPU
		{504C2C15-2DA2-48B9-A384-65FF40296CD5}.Release|Any CPU.Build.0 = Release|Any CPU
	EndGlobalSection
	GlobalSection(SolutionProperties) = preSolution
		HideSolutionNode = FALSE
	EndGlobalSection
	GlobalSection(ExtensibilityGlobals) = postSolution
		SolutionGuid = {A50D83B1-09E9-4BDA-887B-67F8BBE39B1B}
	EndGlobalSection
EndGlobal
